lockfileVersion: 5.4

specifiers:
  '@vue/reactivity': ^3.2.43

dependencies:
  '@vue/reactivity': 3.2.43

packages:

  /@vue/reactivity/3.2.43:
    resolution: {integrity: sha512-LzOxeaTZPTpj9qHCArOJXNa73ky8M7g28prqsd7Kxjxvs7i0EmpHEFASoK7QpYyfmIOh/UjJA+0jaD/iMIiRFg==}
    dependencies:
      '@vue/shared': 3.2.43
    dev: false

  /@vue/shared/3.2.43:
    resolution: {integrity: sha512-zPhXJ0evblbcI3qOwUxliOoH90ecp2J1171RFrHXNC58EzzxXGPJ/X0FyIvuC9SvZNe8wpX4OcWhblPDSwT8Rw==}
    dev: false
